
Microsoft Visual Studio Solution File, Format Version 12.00
# Visual Studio Version 17
VisualStudioVersion = 17.0.31912.275
MinimumVisualStudioVersion = 10.0.40219.1
Project("{FAE04EC0-301F-11D3-BF4B-00C04F79EFBC}") = "weLab_9", "weLab_9.csproj", "{24FD555D-5E72-4A50-B925-DEC5B5E30270}"
EndProject
Global
	GlobalSection(SolutionConfigurationPlatforms) = preSolution
		Debug|Any CPU = Debug|Any CPU
		Release|Any CPU = Release|Any CPU
	EndGlobalSection
	GlobalSection(ProjectConfigurationPlatforms) = postSolution
		{24FD555D-5E72-4A50-B925-DEC5B5E30270}.Debug|Any CPU.ActiveCfg = Debug|Any CPU
		{24FD555D-5E72-4A50-B925-DEC5B5E30270}.Debug|Any CPU.Build.0 = Debug|Any CPU
		{24FD555D-5E72-4A50-B925-DEC5B5E30270}.Release|Any CPU.ActiveCfg = Release|Any CPU
		{24FD555D-5E72-4A50-B925-DEC5B5E30270}.Release|Any CPU.Build.0 = Release|Any CPU
	EndGlobalSection
	GlobalSection(SolutionProperties) = preSolution
		HideSolutionNode = FALSE
	EndGlobalSection
	GlobalSection(ExtensibilityGlobals) = postSolution
		SolutionGuid = {7477804F-8B58-4FB3-8776-32D82EE7D343}
	EndGlobalSection
EndGlobal
